# This file was autogenerated by Stack.
# You should not edit this file by hand.
# For more information, please see the documentation at:
#   https://docs.haskellstack.org/en/stable/lock_files

packages:
- completed:
    hackage: data-interval-2.0.1@sha256:e5a8705d15a14d56791fbc1cdb90fdcc434bc084f938c096e70a3194a442b444,2393
    pantry-tree:
      size: 1136
      sha256: 154bdaed0d5bae64579c9f178fc412f678d5a2a9991e29c5c808331e42c681b3
  original:
    hackage: data-interval-2.0.1@sha256:e5a8705d15a14d56791fbc1cdb90fdcc434bc084f938c096e70a3194a442b444,2393
- completed:
    hackage: extended-reals-0.2.3.0@sha256:78a498d703fffcecfba8e66cfb3e64c4307b2c126a442f6d28cfdd997829f1bf,1563
    pantry-tree:
      size: 398
      sha256: 29629bb0ac41c49671b7f792e540165ee091eb24ffd0eaff229a2f40cc03f3af
  original:
    hackage: extended-reals-0.2.3.0@sha256:78a498d703fffcecfba8e66cfb3e64c4307b2c126a442f6d28cfdd997829f1bf,1563
- completed:
    hackage: Cabal-2.2.0.1@sha256:2a80d8fb655474f0eaeb20434c47f64f84e6302e55973056f00df8ca050b9683,20037
    pantry-tree:
      size: 57215
      sha256: 9e8c93a78f85f6adb03283fc7d38e8c95b9dc45ccfa5aaa9f6dede1dcccf2acd
  original:
    hackage: Cabal-2.2.0.1@sha256:2a80d8fb655474f0eaeb20434c47f64f84e6302e55973056f00df8ca050b9683,20037
- completed:
    hackage: MonadCompose-0.9.0.0@sha256:2b209190f13d49f6b1386a3ac34f35fbd877134d1f6412234c92183894331d05,971
    pantry-tree:
      size: 355
      sha256: be5f393ffeface5e9b0d3a4a1b4a1543e29607dfa071d1dc7e5bcf6e898962d5
  original:
    hackage: MonadCompose-0.9.0.0@sha256:2b209190f13d49f6b1386a3ac34f35fbd877134d1f6412234c92183894331d05,971
- completed:
    hackage: free-5.1@sha256:c8dca310d87a75ab3da084e1bf8b758e2a4ce0ab7397f2cbf109918c4ba61348,4109
    pantry-tree:
      size: 3356
      sha256: 35451a93b6b5c3e02dc8d945564bea2fb36af38ad1db9f792c5f11c325ed53a6
  original:
    hackage: free-5.1@sha256:c8dca310d87a75ab3da084e1bf8b758e2a4ce0ab7397f2cbf109918c4ba61348,4109
- completed:
    hackage: acme-iot-0.1.0.1@sha256:2e8e331469a7237c6b32bfdaccb44d657a651abe8ad74ca435cfc8549e664859,646
    pantry-tree:
      size: 221
      sha256: c6bc85c75ffbc613c40287a096fa5d50f3f264fde7971ed5c76c25685e17835e
  original:
    hackage: acme-iot-0.1.0.1@sha256:2e8e331469a7237c6b32bfdaccb44d657a651abe8ad74ca435cfc8549e664859,646
- completed:
    hackage: mmorph-1.1.3@sha256:abfc95648fef0008f984b94137ce8e1635fb071c7bfaaa7393ba175a1b3bb12f,919
    pantry-tree:
      size: 344
      sha256: b93535fa375deb2e07af348fe9730b7b50b71e4cba0992e03a96a8b8dc13cc48
  original:
    hackage: mmorph-1.1.3@sha256:abfc95648fef0008f984b94137ce8e1635fb071c7bfaaa7393ba175a1b3bb12f,919
- completed:
    hackage: convert-1.5.1@sha256:ae5e236caa15a2aa30568ab1766a944d30d5a864253d1a4d595c3117b9b42efe,2362
    pantry-tree:
      size: 1448
      sha256: fa5bb2667f1e9d283b5594f9331882c66890860b2c77fb6e97a6a8114b82ea3d
  original:
    hackage: convert-1.5.1@sha256:ae5e236caa15a2aa30568ab1766a944d30d5a864253d1a4d595c3117b9b42efe,2362
- completed:
    hackage: impossible-1.1.4@sha256:99009328a5c0c0eebd395c89504c8618480018deac57dde8e0380358e1c86603,1871
    pantry-tree:
      size: 172
      sha256: 81ced877bc5a3a9d7181d8688517aa324b5055f8efc0376150f3072e7157d1ed
  original:
    hackage: impossible-1.1.4@sha256:99009328a5c0c0eebd395c89504c8618480018deac57dde8e0380358e1c86603,1871
snapshots:
- completed:
    size: 509471
    url: https://raw.githubusercontent.com/commercialhaskell/stackage-snapshots/master/lts/12/26.yaml
    sha256: 95f014df58d0679b1c4a2b7bf2b652b61da8d30de5f571abb0d59015ef678646
  original: lts-12.26
